
Microsoft Visual Studio Solution File, Format Version 12.00
# Visual Studio Version 16
VisualStudioVersion = 16.0.30804.86
MinimumVisualStudioVersion = 10.0.40219.1
Project("{9A19103F-16F7-4668-BE54-9A1E7A4F7556}") = "Forecast.CLI", "Forecast\Forecast.CLI.csproj", "{C959425D-5017-497C-8195-9401705EABF7}"
EndProject
Project("{9A19103F-16F7-4668-BE54-9A1E7A4F7556}") = "Forecast.Service", "Forecast.Service\Forecast.Service.csproj", "{2EE949A8-F561-40EF-9718-C7C2D8733583}"
EndProject
Global
	GlobalSection(SolutionConfigurationPlatforms) = preSolution
		Debug|Any CPU = Debug|Any CPU
		Release|Any CPU = Release|Any CPU
	EndGlobalSection
	GlobalSection(ProjectConfigurationPlatforms) = postSolution
		{C959425D-5017-497C-8195-9401705EABF7}.Debug|Any CPU.ActiveCfg = Debug|Any CPU
		{C959425D-5017-497C-8195-9401705EABF7}.Debug|Any CPU.Build.0 = Debug|Any CPU
		{C959425D-5017-497C-8195-9401705EABF7}.Release|Any CPU.ActiveCfg = Release|Any CPU
		{C959425D-5017-497C-8195-9401705EABF7}.Release|Any CPU.Build.0 = Release|Any CPU
		{2EE949A8-F561-40EF-9718-C7C2D8733583}.Debug|Any CPU.ActiveCfg = Debug|Any CPU
		{2EE949A8-F561-40EF-9718-C7C2D8733583}.Debug|Any CPU.Build.0 = Debug|Any CPU
		{2EE949A8-F561-40EF-9718-C7C2D8733583}.Release|Any CPU.ActiveCfg = Release|Any CPU
		{2EE949A8-F561-40EF-9718-C7C2D8733583}.Release|Any CPU.Build.0 = Release|Any CPU
	EndGlobalSection
	GlobalSection(SolutionProperties) = preSolution
		HideSolutionNode = FALSE
	EndGlobalSection
	GlobalSection(ExtensibilityGlobals) = postSolution
		SolutionGuid = {32E651B8-D031-4C47-BD54-D031CBCBCEF6}
	EndGlobalSection
EndGlobal
